// !$*UTF8*$!
{
	archiveVersion = 1;
	classes = {
	};
	objectVersion = 56;
	objects = {

/* Begin PBXBuildFile section */
		048743262AFDB3EF00F04A63 /* W9_MobComApp.swift in Sources */ = {isa = PBXBuildFile; fileRef = 048743252AFDB3EF00F04A63 /* W9_MobComApp.swift */; };
		048743282AFDB3EF00F04A63 /* ContentView.swift in Sources */ = {isa = PBXBuildFile; fileRef = 048743272AFDB3EF00F04A63 /* ContentView.swift */; };
		0487432A2AFDB3F000F04A63 /* Assets.xcassets in Resources */ = {isa = PBXBuildFile; fileRef = 048743292AFDB3F000F04A63 /* Assets.xcassets */; };
		0487432D2AFDB3F000F04A63 /* Preview Assets.xcassets in Resources */ = {isa = PBXBuildFile; fileRef = 0487432C2AFDB3F000F04A63 /* Preview Assets.xcassets */; };
		048743372AFDB3F100F04A63 /* W9_MobComTests.swift in Sources */ = {isa = PBXBuildFile; fileRef = 048743362AFDB3F100F04A63 /* W9_MobComTests.swift */; };
		048743412AFDB3F100F04A63 /* W9_MobComUITests.swift in Sources */ = {isa = PBXBuildFile; fileRef = 048743402AFDB3F100F04A63 /* W9_MobComUITests.swift */; };
		048743432AFDB3F100F04A63 /* W9_MobComUITestsLaunchTests.swift in Sources */ = {isa = PBXBuildFile; fileRef = 048743422AFDB3F100F04A63 /* W9_MobComUITestsLaunchTests.swift */; };
/* End PBXBuildFile section */

/* Begin PBXContainerItemProxy section */
		048743332AFDB3F100F04A63 /* PBXContainerItemProxy */ = {
			isa = PBXContainerItemProxy;
			containerPortal = 0487431A2AFDB3EF00F04A63 /* Project object */;
			proxyType = 1;
			remoteGlobalIDString = 048743212AFDB3EF00F04A63;
			remoteInfo = "W9-MobCom";
		};
		0487433D2AFDB3F100F04A63 /* PBXContainerItemProxy */ = {
			isa = PBXContainerItemProxy;
			containerPortal = 0487431A2AFDB3EF00F04A63 /* Project object */;
			proxyType = 1;
			remoteGlobalIDString = 048743212AFDB3EF00F04A63;
			remoteInfo = "W9-MobCom";
		};
/* End PBXContainerItemProxy section */

/* Begin PBXFileReference section */
		048743222AFDB3EF00F04A63 /* W9-MobCom.app */ = {isa = PBXFileReference; explicitFileType = wrapper.application; includeInIndex = 0; path = "W9-MobCom.app"; sourceTree = BUILT_PRODUCTS_DIR; };
		048743252AFDB3EF00F04A63 /* W9_MobComApp.swift */ = {isa = PBXFileReference; lastKnownFileType = sourcecode.swift; path = W9_MobComApp.swift; sourceTree = "<group>"; };
		048743272AFDB3EF00F04A63 /* ContentView.swift */ = {isa = PBXFileReference; lastKnownFileType = sourcecode.swift; path = ContentView.swift; sourceTree = "<group>"; };
		048743292AFDB3F000F04A63 /* Assets.xcassets */ = {isa = PBXFileReference; lastKnownFileType = folder.assetcatalog; path = Assets.xcassets; sourceTree = "<group>"; };
		0487432C2AFDB3F000F04A63 /* Preview Assets.xcassets */ = {isa = PBXFileReference; lastKnownFileType = folder.assetcatalog; path = "Preview Assets.xcassets"; sourceTree = "<group>"; };
		048743322AFDB3F100F04A63 /* W9-MobComTests.xctest */ = {isa = PBXFileReference; explicitFileType = wrapper.cfbundle; includeInIndex = 0; path = "W9-MobComTests.xctest"; sourceTree = BUILT_PRODUCTS_DIR; };
		048743362AFDB3F100F04A63 /* W9_MobComTests.swift */ = {isa = PBXFileReference; lastKnownFileType = sourcecode.swift; path = W9_MobComTests.swift; sourceTree = "<group>"; };
		0487433C2AFDB3F100F04A63 /* W9-MobComUITests.xctest */ = {isa = PBXFileReference; explicitFileType = wrapper.cfbundle; includeInIndex = 0; path = "W9-MobComUITests.xctest"; sourceTree = BUILT_PRODUCTS_DIR; };
		048743402AFDB3F100F04A63 /* W9_MobComUITests.swift */ = {isa = PBXFileReference; lastKnownFileType = sourcecode.swift; path = W9_MobComUITests.swift; sourceTree = "<group>"; };
		048743422AFDB3F100F04A63 /* W9_MobComUITestsLaunchTests.swift */ = {isa = PBXFileReference; lastKnownFileType = sourcecode.swift; path = W9_MobComUITestsLaunchTests.swift; sourceTree = "<group>"; };
/* End PBXFileReference section */

/* Begin PBXFrameworksBuildPhase section */
		0487431F2AFDB3EF00F04A63 /* Frameworks */ = {
			isa = PBXFrameworksBuildPhase;
			buildActionMask = 2147483647;
			files = (
			);
			runOnlyForDeploymentPostprocessing = 0;
		};
		0487432F2AFDB3F100F04A63 /* Frameworks */ = {
			isa = PBXFrameworksBuildPhase;
			buildActionMask = 2147483647;
			files = (
			);
			runOnlyForDeploymentPostprocessing = 0;
		};
		048743392AFDB3F100F04A63 /* Frameworks */ = {
			isa = PBXFrameworksBuildPhase;
			buildActionMask = 2147483647;
			files = (
			);
			runOnlyForDeploymentPostprocessing = 0;
		};
/* End PBXFrameworksBuildPhase section */

/* Begin PBXGroup section */
		048743192AFDB3EF00F04A63 = {
			isa = PBXGroup;
			children = (
				048743242AFDB3EF00F04A63 /* W9-MobCom */,
				048743352AFDB3F100F04A63 /* W9-MobComTests */,
				0487433F2AFDB3F100F04A63 /* W9-MobComUITests */,
				048743232AFDB3EF00F04A63 /* Products */,
			);
			sourceTree = "<group>";
		};
		048743232AFDB3EF00F04A63 /* Products */ = {
			isa = PBXGroup;
			children = (
				048743222AFDB3EF00F04A63 /* W9-MobCom.app */,
				048743322AFDB3F100F04A63 /* W9-MobComTests.xctest */,
				0487433C2AFDB3F100F04A63 /* W9-MobComUITests.xctest */,
			);
			name = Products;
			sourceTree = "<group>";
		};
		048743242AFDB3EF00F04A63 /* W9-MobCom */ = {
			isa = PBXGroup;
			children = (
				048743252AFDB3EF00F04A63 /* W9_MobComApp.swift */,
				048743272AFDB3EF00F04A63 /* ContentView.swift */,
				048743292AFDB3F000F04A63 /* Assets.xcassets */,
				0487432B2AFDB3F000F04A63 /* Preview Content */,
			);
			path = "W9-MobCom";
			sourceTree = "<group>";
		};
		0487432B2AFDB3F000F04A63 /* Preview Content */ = {
			isa = PBXGroup;
			children = (
				0487432C2AFDB3F000F04A63 /* Preview Assets.xcassets */,
			);
			path = "Preview Content";
			sourceTree = "<group>";
		};
		048743352AFDB3F100F04A63 /* W9-MobComTests */ = {
			isa = PBXGroup;
			children = (
				048743362AFDB3F100F04A63 /* W9_MobComTests.swift */,
			);
			path = "W9-MobComTests";
			sourceTree = "<group>";
		};
		0487433F2AFDB3F100F04A63 /* W9-MobComUITests */ = {
			isa = PBXGroup;
			children = (
				048743402AFDB3F100F04A63 /* W9_MobComUITests.swift */,
				048743422AFDB3F100F04A63 /* W9_MobComUITestsLaunchTests.swift */,
			);
			path = "W9-MobComUITests";
			sourceTree = "<group>";
		};
/* End PBXGroup section */

/* Begin PBXNativeTarget section */
		048743212AFDB3EF00F04A63 /* W9-MobCom */ = {
			isa = PBXNativeTarget;
			buildConfigurationList = 048743462AFDB3F100F04A63 /* Build configuration list for PBXNativeTarget "W9-MobCom" */;
			buildPhases = (
				0487431E2AFDB3EF00F04A63 /* Sources */,
				0487431F2AFDB3EF00F04A63 /* Frameworks */,
				048743202AFDB3EF00F04A63 /* Resources */,
			);
			buildRules = (
			);
			dependencies = (
			);
			name = "W9-MobCom";
			productName = "W9-MobCom";
			productReference = 048743222AFDB3EF00F04A63 /* W9-MobCom.app */;
			productType = "com.apple.product-type.application";
		};
		048743312AFDB3F100F04A63 /* W9-MobComTests */ = {
			isa = PBXNativeTarget;
			buildConfigurationList = 048743492AFDB3F100F04A63 /* Build configuration list for PBXNativeTarget "W9-MobComTests" */;
			buildPhases = (
				0487432E2AFDB3F100F04A63 /* Sources */,
				0487432F2AFDB3F100F04A63 /* Frameworks */,
				048743302AFDB3F100F04A63 /* Resources */,
			);
			buildRules = (
			);
			dependencies = (
				048743342AFDB3F100F04A63 /* PBXTargetDependency */,
			);
			name = "W9-MobComTests";
			productName = "W9-MobComTests";
			productReference = 048743322AFDB3F100F04A63 /* W9-MobComTests.xctest */;
			productType = "com.apple.product-type.bundle.unit-test";
		};
		0487433B2AFDB3F100F04A63 /* W9-MobComUITests */ = {
			isa = PBXNativeTarget;
			buildConfigurationList = 0487434C2AFDB3F100F04A63 /* Build configuration list for PBXNativeTarget "W9-MobComUITests" */;
			buildPhases = (
				048743382AFDB3F100F04A63 /* Sources */,
				048743392AFDB3F100F04A63 /* Frameworks */,
				0487433A2AFDB3F100F04A63 /* Resources */,
			);
			buildRules = (
			);
			dependencies = (
				0487433E2AFDB3F100F04A63 /* PBXTargetDependency */,
			);
			name = "W9-MobComUITests";
			productName = "W9-MobComUITests";
			productReference = 0487433C2AFDB3F100F04A63 /* W9-MobComUITests.xctest */;
			productType = "com.apple.product-type.bundle.ui-testing";
		};
/* End PBXNativeTarget section */

/* Begin PBXProject section */
		0487431A2AFDB3EF00F04A63 /* Project object */ = {
			isa = PBXProject;
			attributes = {
				BuildIndependentTargetsInParallel = 1;
				LastSwiftUpdateCheck = 1500;
				LastUpgradeCheck = 1500;
				TargetAttributes = {
					048743212AFDB3EF00F04A63 = {
						CreatedOnToolsVersion = 15.0;
					};
					048743312AFDB3F100F04A63 = {
						CreatedOnToolsVersion = 15.0;
						TestTargetID = 048743212AFDB3EF00F04A63;
					};
					0487433B2AFDB3F100F04A63 = {
						CreatedOnToolsVersion = 15.0;
						TestTargetID = 048743212AFDB3EF00F04A63;
					};
				};
			};
			buildConfigurationList = 0487431D2AFDB3EF00F04A63 /* Build configuration list for PBXProject "W9-MobCom" */;
			compatibilityVersion = "Xcode 14.0";
			developmentRegion = en;
			hasScannedForEncodings = 0;
			knownRegions = (
				en,
				Base,
			);
			mainGroup = 048743192AFDB3EF00F04A63;
			productRefGroup = 048743232AFDB3EF00F04A63 /* Products */;
			projectDirPath = "";
			projectRoot = "";
			targets = (
				048743212AFDB3EF00F04A63 /* W9-MobCom */,
				048743312AFDB3F100F04A63 /* W9-MobComTests */,
				0487433B2AFDB3F100F04A63 /* W9-MobComUITests */,
			);
		};
/* End PBXProject section */

/* Begin PBXResourcesBuildPhase section */
		048743202AFDB3EF00F04A63 /* Resources */ = {
			isa = PBXResourcesBuildPhase;
			buildActionMask = 2147483647;
			files = (
				0487432D2AFDB3F000F04A63 /* Preview Assets.xcassets in Resources */,
				0487432A2AFDB3F000F04A63 /* Assets.xcassets in Resources */,
			);
			runOnlyForDeploymentPostprocessing = 0;
		};
		048743302AFDB3F100F04A63 /* Resources */ = {
			isa = PBXResourcesBuildPhase;
			buildActionMask = 2147483647;
			files = (
			);
			runOnlyForDeploymentPostprocessing = 0;
		};
		0487433A2AFDB3F100F04A63 /* Resources */ = {
			isa = PBXResourcesBuildPhase;
			buildActionMask = 2147483647;
			files = (
			);
			runOnlyForDeploymentPostprocessing = 0;
		};
/* End PBXResourcesBuildPhase section */

/* Begin PBXSourcesBuildPhase section */
		0487431E2AFDB3EF00F04A63 /* Sources */ = {
			isa = PBXSourcesBuildPhase;
			buildActionMask = 2147483647;
			files = (
				048743282AFDB3EF00F04A63 /* ContentView.swift in Sources */,
				048743262AFDB3EF00F04A63 /* W9_MobComApp.swift in Sources */,
			);
			runOnlyForDeploymentPostprocessing = 0;
		};
		0487432E2AFDB3F100F04A63 /* Sources */ = {
			isa = PBXSourcesBuildPhase;
			buildActionMask = 2147483647;
			files = (
				048743372AFDB3F100F04A63 /* W9_MobComTests.swift in Sources */,
			);
			runOnlyForDeploymentPostprocessing = 0;
		};
		048743382AFDB3F100F04A63 /* Sources */ = {
			isa = PBXSourcesBuildPhase;
			buildActionMask = 2147483647;
			files = (
				048743412AFDB3F100F04A63 /* W9_MobComUITests.swift in Sources */,
				048743432AFDB3F100F04A63 /* W9_MobComUITestsLaunchTests.swift in Sources */,
			);
			runOnlyForDeploymentPostprocessing = 0;
		};
/* End PBXSourcesBuildPhase section */

/* Begin PBXTargetDependency section */
		048743342AFDB3F100F04A63 /* PBXTargetDependency */ = {
			isa = PBXTargetDependency;
			target = 048743212AFDB3EF00F04A63 /* W9-MobCom */;
			targetProxy = 048743332AFDB3F100F04A63 /* PBXContainerItemProxy */;
		};
		0487433E2AFDB3F100F04A63 /* PBXTargetDependency */ = {
			isa = PBXTargetDependency;
			target = 048743212AFDB3EF00F04A63 /* W9-MobCom */;
			targetProxy = 0487433D2AFDB3F100F04A63 /* PBXContainerItemProxy */;
		};
/* End PBXTargetDependency section */

/* Begin XCBuildConfiguration section */
		048743442AFDB3F100F04A63 /* Debug */ = {
			isa = XCBuildConfiguration;
			buildSettings = {
				ALWAYS_SEARCH_USER_PATHS = NO;
				ASSETCATALOG_COMPILER_GENERATE_SWIFT_ASSET_SYMBOL_EXTENSIONS = YES;
				CLANG_ANALYZER_NONNULL = YES;
				CLANG_ANALYZER_NUMBER_OBJECT_CONVERSION = YES_AGGRESSIVE;
				CLANG_CXX_LANGUAGE_STANDARD = "gnu++20";
				CLANG_ENABLE_MODULES = YES;
				CLANG_ENABLE_OBJC_ARC = YES;
				CLANG_ENABLE_OBJC_WEAK = YES;
				CLANG_WARN_BLOCK_CAPTURE_AUTORELEASING = YES;
				CLANG_WARN_BOOL_CONVERSION = YES;
				CLANG_WARN_COMMA = YES;
				CLANG_WARN_CONSTANT_CONVERSION = YES;
				CLANG_WARN_DEPRECATED_OBJC_IMPLEMENTATIONS = YES;
				CLANG_WARN_DIRECT_OBJC_ISA_USAGE = YES_ERROR;
				CLANG_WARN_DOCUMENTATION_COMMENTS = YES;
				CLANG_WARN_EMPTY_BODY = YES;
				CLANG_WARN_ENUM_CONVERSION = YES;
				CLANG_WARN_INFINITE_RECURSION = YES;
				CLANG_WARN_INT_CONVERSION = YES;
				CLANG_WARN_NON_LITERAL_NULL_CONVERSION = YES;
				CLANG_WARN_OBJC_IMPLICIT_RETAIN_SELF = YES;
				CLANG_WARN_OBJC_LITERAL_CONVERSION = YES;
				CLANG_WARN_OBJC_ROOT_CLASS = YES_ERROR;
				CLANG_WARN_QUOTED_INCLUDE_IN_FRAMEWORK_HEADER = YES;
				CLANG_WARN_RANGE_LOOP_ANALYSIS = YES;
				CLANG_WARN_STRICT_PROTOTYPES = YES;
				CLANG_WARN_SUSPICIOUS_MOVE = YES;
				CLANG_WARN_UNGUARDED_AVAILABILITY = YES_AGGRESSIVE;
				CLANG_WARN_UNREACHABLE_CODE = YES;
				CLANG_WARN__DUPLICATE_METHOD_MATCH = YES;
				COPY_PHASE_STRIP = NO;
				DEBUG_INFORMATION_FORMAT = dwarf;
				ENABLE_STRICT_OBJC_MSGSEND = YES;
				ENABLE_TESTABILITY = YES;
				ENABLE_USER_SCRIPT_SANDBOXING = YES;
				GCC_C_LANGUAGE_STANDARD = gnu17;
				GCC_DYNAMIC_NO_PIC = NO;
				GCC_NO_COMMON_BLOCKS = YES;
				GCC_OPTIMIZATION_LEVEL = 0;
				GCC_PREPROCESSOR_DEFINITIONS = (
					"DEBUG=1",
					"$(inherited)",
				);
				GCC_WARN_64_TO_32_BIT_CONVERSION = YES;
				GCC_WARN_ABOUT_RETURN_TYPE = YES_ERROR;
				GCC_WARN_UNDECLARED_SELECTOR = YES;
				GCC_WARN_UNINITIALIZED_AUTOS = YES_AGGRESSIVE;
				GCC_WARN_UNUSED_FUNCTION = YES;
				GCC_WARN_UNUSED_VARIABLE = YES;
				IPHONEOS_DEPLOYMENT_TARGET = 17.0;
				LOCALIZATION_PREFERS_STRING_CATALOGS = YES;
				MTL_ENABLE_DEBUG_INFO = INCLUDE_SOURCE;
				MTL_FAST_MATH = YES;
				ONLY_ACTIVE_ARCH = YES;
				SDKROOT = iphoneos;
				SWIFT_ACTIVE_COMPILATION_CONDITIONS = "DEBUG $(inherited)";
				SWIFT_OPTIMIZATION_LEVEL = "-Onone";
			};
			name = Debug;
		};
		048743452AFDB3F100F04A63 /* Release */ = {
			isa = XCBuildConfiguration;
			buildSettings = {
				ALWAYS_SEARCH_USER_PATHS = NO;
				ASSETCATALOG_COMPILER_GENERATE_SWIFT_ASSET_SYMBOL_EXTENSIONS = YES;
				CLANG_ANALYZER_NONNULL = YES;
				CLANG_ANALYZER_NUMBER_OBJECT_CONVERSION = YES_AGGRESSIVE;
				CLANG_CXX_LANGUAGE_STANDARD = "gnu++20";
				CLANG_ENABLE_MODULES = YES;
				CLANG_ENABLE_OBJC_ARC = YES;
				CLANG_ENABLE_OBJC_WEAK = YES;
				CLANG_WARN_BLOCK_CAPTURE_AUTORELEASING = YES;
				CLANG_WARN_BOOL_CONVERSION = YES;
				CLANG_WARN_COMMA = YES;
				CLANG_WARN_CONSTANT_CONVERSION = YES;
				CLANG_WARN_DEPRECATED_OBJC_IMPLEMENTATIONS = YES;
				CLANG_WARN_DIRECT_OBJC_ISA_USAGE = YES_ERROR;
				CLANG_WARN_DOCUMENTATION_COMMENTS = YES;
				CLANG_WARN_EMPTY_BODY = YES;
				CLANG_WARN_ENUM_CONVERSION = YES;
				CLANG_WARN_INFINITE_RECURSION = YES;
				CLANG_WARN_INT_CONVERSION = YES;
				CLANG_WARN_NON_LITERAL_NULL_CONVERSION = YES;
				CLANG_WARN_OBJC_IMPLICIT_RETAIN_SELF = YES;
				CLANG_WARN_OBJC_LITERAL_CONVERSION = YES;
				CLANG_WARN_OBJC_ROOT_CLASS = YES_ERROR;
				CLANG_WARN_QUOTED_INCLUDE_IN_FRAMEWORK_HEADER = YES;
				CLANG_WARN_RANGE_LOOP_ANALYSIS = YES;
				CLANG_WARN_STRICT_PROTOTYPES = YES;
				CLANG_WARN_SUSPICIOUS_MOVE = YES;
				CLANG_WARN_UNGUARDED_AVAILABILITY = YES_AGGRESSIVE;
				CLANG_WARN_UNREACHABLE_CODE = YES;
				CLANG_WARN__DUPLICATE_METHOD_MATCH = YES;
				COPY_PHASE_STRIP = NO;
				DEBUG_INFORMATION_FORMAT = "dwarf-with-dsym";
				ENABLE_NS_ASSERTIONS = NO;
				ENABLE_STRICT_OBJC_MSGSEND = YES;
				ENABLE_USER_SCRIPT_SANDBOXING = YES;
				GCC_C_LANGUAGE_STANDARD = gnu17;
				GCC_NO_COMMON_BLOCKS = YES;
				GCC_WARN_64_TO_32_BIT_CONVERSION = YES;
				GCC_WARN_ABOUT_RETURN_TYPE = YES_ERROR;
				GCC_WARN_UNDECLARED_SELECTOR = YES;
				GCC_WARN_UNINITIALIZED_AUTOS = YES_AGGRESSIVE;
				GCC_WARN_UNUSED_FUNCTION = YES;
				GCC_WARN_UNUSED_VARIABLE = YES;
				IPHONEOS_DEPLOYMENT_TARGET = 17.0;
				LOCALIZATION_PREFERS_STRING_CATALOGS = YES;
				MTL_ENABLE_DEBUG_INFO = NO;
				MTL_FAST_MATH = YES;
				SDKROOT = iphoneos;
				SWIFT_COMPILATION_MODE = wholemodule;
				VALIDATE_PRODUCT = YES;
			};
			name = Release;
		};
		048743472AFDB3F100F04A63 /* Debug */ = {
			isa = XCBuildConfiguration;
			buildSettings = {
				ASSETCATALOG_COMPILER_APPICON_NAME = AppIcon;
				ASSETCATALOG_COMPILER_GLOBAL_ACCENT_COLOR_NAME = AccentColor;
				CODE_SIGN_STYLE = Automatic;
				CURRENT_PROJECT_VERSION = 1;
				DEVELOPMENT_ASSET_PATHS = "\"W9-MobCom/Preview Content\"";
				ENABLE_PREVIEWS = YES;
				GENERATE_INFOPLIST_FILE = YES;
				INFOPLIST_KEY_UIApplicationSceneManifest_Generation = YES;
				INFOPLIST_KEY_UIApplicationSupportsIndirectInputEvents = YES;
				INFOPLIST_KEY_UILaunchScreen_Generation = YES;
				INFOPLIST_KEY_UISupportedInterfaceOrientations_iPad = "UIInterfaceOrientationPortrait UIInterfaceOrientationPortraitUpsideDown UIInterfaceOrientationLandscapeLeft UIInterfaceOrientationLandscapeRight";
				INFOPLIST_KEY_UISupportedInterfaceOrientations_iPhone = "UIInterfaceOrientationPortrait UIInterfaceOrientationLandscapeLeft UIInterfaceOrientationLandscapeRight";
				LD_RUNPATH_SEARCH_PATHS = (
					"$(inherited)",
					"@executable_path/Frameworks",
				);
				MARKETING_VERSION = 1.0;
				PRODUCT_BUNDLE_IDENTIFIER = "Feliks.W9-MobCom";
				PRODUCT_NAME = "$(TARGET_NAME)";
				SWIFT_EMIT_LOC_STRINGS = YES;
				SWIFT_VERSION = 5.0;
				TARGETED_DEVICE_FAMILY = "1,2";
			};
			name = Debug;
		};
		048743482AFDB3F100F04A63 /* Release */ = {
			isa = XCBuildConfiguration;
			buildSettings = {
				ASSETCATALOG_COMPILER_APPICON_NAME = AppIcon;
				ASSETCATALOG_COMPILER_GLOBAL_ACCENT_COLOR_NAME = AccentColor;
				CODE_SIGN_STYLE = Automatic;
				CURRENT_PROJECT_VERSION = 1;
				DEVELOPMENT_ASSET_PATHS = "\"W9-MobCom/Preview Content\"";
				ENABLE_PREVIEWS = YES;
				GENERATE_INFOPLIST_FILE = YES;
				INFOPLIST_KEY_UIApplicationSceneManifest_Generation = YES;
				INFOPLIST_KEY_UIApplicationSupportsIndirectInputEvents = YES;
				INFOPLIST_KEY_UILaunchScreen_Generation = YES;
				INFOPLIST_KEY_UISupportedInterfaceOrientations_iPad = "UIInterfaceOrientationPortrait UIInterfaceOrientationPortraitUpsideDown UIInterfaceOrientationLandscapeLeft UIInterfaceOrientationLandscapeRight";
				INFOPLIST_KEY_UISupportedInterfaceOrientations_iPhone = "UIInterfaceOrientationPortrait UIInterfaceOrientationLandscapeLeft UIInterfaceOrientationLandscapeRight";
				LD_RUNPATH_SEARCH_PATHS = (
					"$(inherited)",
					"@executable_path/Frameworks",
				);
				MARKETING_VERSION = 1.0;
				PRODUCT_BUNDLE_IDENTIFIER = "Feliks.W9-MobCom";
				PRODUCT_NAME = "$(TARGET_NAME)";
				SWIFT_EMIT_LOC_STRINGS = YES;
				SWIFT_VERSION = 5.0;
				TARGETED_DEVICE_FAMILY = "1,2";
			};
			name = Release;
		};
		0487434A2AFDB3F100F04A63 /* Debug */ = {
			isa = XCBuildConfiguration;
			buildSettings = {
				ALWAYS_EMBED_SWIFT_STANDARD_LIBRARIES = YES;
				BUNDLE_LOADER = "$(TEST_HOST)";
				CODE_SIGN_STYLE = Automatic;
				CURRENT_PROJECT_VERSION = 1;
				GENERATE_INFOPLIST_FILE = YES;
				IPHONEOS_DEPLOYMENT_TARGET = 17.0;
				MARKETING_VERSION = 1.0;
				PRODUCT_BUNDLE_IDENTIFIER = "Feliks.W9-MobComTests";
				PRODUCT_NAME = "$(TARGET_NAME)";
				SWIFT_EMIT_LOC_STRINGS = NO;
				SWIFT_VERSION = 5.0;
				TARGETED_DEVICE_FAMILY = "1,2";
				TEST_HOST = "$(BUILT_PRODUCTS_DIR)/W9-MobCom.app/$(BUNDLE_EXECUTABLE_FOLDER_PATH)/W9-MobCom";
			};
			name = Debug;
		};
		0487434B2AFDB3F100F04A63 /* Release */ = {
			isa = XCBuildConfiguration;
			buildSettings = {
				ALWAYS_EMBED_SWIFT_STANDARD_LIBRARIES = YES;
				BUNDLE_LOADER = "$(TEST_HOST)";
				CODE_SIGN_STYLE = Automatic;
				CURRENT_PROJECT_VERSION = 1;
				GENERATE_INFOPLIST_FILE = YES;
				IPHONEOS_DEPLOYMENT_TARGET = 17.0;
				MARKETING_VERSION = 1.0;
				PRODUCT_BUNDLE_IDENTIFIER = "Feliks.W9-MobComTests";
				PRODUCT_NAME = "$(TARGET_NAME)";
				SWIFT_EMIT_LOC_STRINGS = NO;
				SWIFT_VERSION = 5.0;
				TARGETED_DEVICE_FAMILY = "1,2";
				TEST_HOST = "$(BUILT_PRODUCTS_DIR)/W9-MobCom.app/$(BUNDLE_EXECUTABLE_FOLDER_PATH)/W9-MobCom";
			};
			name = Release;
		};
		0487434D2AFDB3F100F04A63 /* Debug */ = {
			isa = XCBuildConfiguration;
			buildSettings = {
				ALWAYS_EMBED_SWIFT_STANDARD_LIBRARIES = YES;
				CODE_SIGN_STYLE = Automatic;
				CURRENT_PROJECT_VERSION = 1;
				GENERATE_INFOPLIST_FILE = YES;
				MARKETING_VERSION = 1.0;
				PRODUCT_BUNDLE_IDENTIFIER = "Feliks.W9-MobComUITests";
				PRODUCT_NAME = "$(TARGET_NAME)";
				SWIFT_EMIT_LOC_STRINGS = NO;
				SWIFT_VERSION = 5.0;
				TARGETED_DEVICE_FAMILY = "1,2";
				TEST_TARGET_NAME = "W9-MobCom";
			};
			name = Debug;
		};
		0487434E2AFDB3F100F04A63 /* Release */ = {
			isa = XCBuildConfiguration;
			buildSettings = {
				ALWAYS_EMBED_SWIFT_STANDARD_LIBRARIES = YES;
				CODE_SIGN_STYLE = Automatic;
				CURRENT_PROJECT_VERSION = 1;
				GENERATE_INFOPLIST_FILE = YES;
				MARKETING_VERSION = 1.0;
				PRODUCT_BUNDLE_IDENTIFIER = "Feliks.W9-MobComUITests";
				PRODUCT_NAME = "$(TARGET_NAME)";
				SWIFT_EMIT_LOC_STRINGS = NO;
				SWIFT_VERSION = 5.0;
				TARGETED_DEVICE_FAMILY = "1,2";
				TEST_TARGET_NAME = "W9-MobCom";
			};
			name = Release;
		};
/* End XCBuildConfiguration section */

/* Begin XCConfigurationList section */
		0487431D2AFDB3EF00F04A63 /* Build configuration list for PBXProject "W9-MobCom" */ = {
			isa = XCConfigurationList;
			buildConfigurations = (
				048743442AFDB3F100F04A63 /* Debug */,
				048743452AFDB3F100F04A63 /* Release */,
			);
			defaultConfigurationIsVisible = 0;
			defaultConfigurationName = Release;
		};
		048743462AFDB3F100F04A63 /* Build configuration list for PBXNativeTarget "W9-MobCom" */ = {
			isa = XCConfigurationList;
			buildConfigurations = (
				048743472AFDB3F100F04A63 /* Debug */,
				048743482AFDB3F100F04A63 /* Release */,
			);
			defaultConfigurationIsVisible = 0;
			defaultConfigurationName = Release;
		};
		048743492AFDB3F100F04A63 /* Build configuration list for PBXNativeTarget "W9-MobComTests" */ = {
			isa = XCConfigurationList;
			buildConfigurations = (
				0487434A2AFDB3F100F04A63 /* Debug */,
				0487434B2AFDB3F100F04A63 /* Release */,
			);
			defaultConfigurationIsVisible = 0;
			defaultConfigurationName = Release;
		};
		0487434C2AFDB3F100F04A63 /* Build configuration list for PBXNativeTarget "W9-MobComUITests" */ = {
			isa = XCConfigurationList;
			buildConfigurations = (
				0487434D2AFDB3F100F04A63 /* Debug */,
				0487434E2AFDB3F100F04A63 /* Release */,
			);
			defaultConfigurationIsVisible = 0;
			defaultConfigurationName = Release;
		};
/* End XCConfigurationList section */
	};
	rootObject = 0487431A2AFDB3EF00F04A63 /* Project object */;
}
